// !$*UTF8*$!
{
	archiveVersion = 1;
	classes = {
	};
	objectVersion = 46;
	objects = {

/* Begin PBXBuildFile section */
		F58FE6791EE7396A009EF1DC /* AppDelegate.swift in Sources */ = {isa = PBXBuildFile; fileRef = F58FE6781EE7396A009EF1DC /* AppDelegate.swift */; };
		F58FE67E1EE7396A009EF1DC /* Main.storyboard in Resources */ = {isa = PBXBuildFile; fileRef = F58FE67C1EE7396A009EF1DC /* Main.storyboard */; };
		F58FE6801EE7396A009EF1DC /* Assets.xcassets in Resources */ = {isa = PBXBuildFile; fileRef = F58FE67F1EE7396A009EF1DC /* Assets.xcassets */; };
		F58FE6831EE7396A009EF1DC /* LaunchScreen.storyboard in Resources */ = {isa = PBXBuildFile; fileRef = F58FE6811EE7396A009EF1DC /* LaunchScreen.storyboard */; };
		F58FE68E1EE7396B009EF1DC /* oneTapMovieTests.swift in Sources */ = {isa = PBXBuildFile; fileRef = F58FE68D1EE7396B009EF1DC /* oneTapMovieTests.swift */; };
		F58FE6991EE7396B009EF1DC /* oneTapMovieUITests.swift in Sources */ = {isa = PBXBuildFile; fileRef = F58FE6981EE7396B009EF1DC /* oneTapMovieUITests.swift */; };
		F58FE6A91EE74192009EF1DC /* AddBackground.swift in Sources */ = {isa = PBXBuildFile; fileRef = F58FE6A81EE74192009EF1DC /* AddBackground.swift */; };
		F58FE6AB1EE74910009EF1DC /* SearchViewController.swift in Sources */ = {isa = PBXBuildFile; fileRef = F58FE6AA1EE74910009EF1DC /* SearchViewController.swift */; };
/* End PBXBuildFile section */

/* Begin PBXContainerItemProxy section */
		F58FE68A1EE7396B009EF1DC /* PBXContainerItemProxy */ = {
			isa = PBXContainerItemProxy;
			containerPortal = F58FE66D1EE7396A009EF1DC /* Project object */;
			proxyType = 1;
			remoteGlobalIDString = F58FE6741EE7396A009EF1DC;
			remoteInfo = oneTapMovie;
		};
		F58FE6951EE7396B009EF1DC /* PBXContainerItemProxy */ = {
			isa = PBXContainerItemProxy;
			containerPortal = F58FE66D1EE7396A009EF1DC /* Project object */;
			proxyType = 1;
			remoteGlobalIDString = F58FE6741EE7396A009EF1DC;
			remoteInfo = oneTapMovie;
		};
/* End PBXContainerItemProxy section */

/* Begin PBXFileReference section */
		F58FE6751EE7396A009EF1DC /* oneTapMovie.app */ = {isa = PBXFileReference; explicitFileType = wrapper.application; includeInIndex = 0; path = oneTapMovie.app; sourceTree = BUILT_PRODUCTS_DIR; };
		F58FE6781EE7396A009EF1DC /* AppDelegate.swift */ = {isa = PBXFileReference; lastKnownFileType = sourcecode.swift; path = AppDelegate.swift; sourceTree = "<group>"; };
		F58FE67D1EE7396A009EF1DC /* Base */ = {isa = PBXFileReference; lastKnownFileType = file.storyboard; name = Base; path = Base.lproj/Main.storyboard; sourceTree = "<group>"; };
		F58FE67F1EE7396A009EF1DC /* Assets.xcassets */ = {isa = PBXFileReference; lastKnownFileType = folder.assetcatalog; path = Assets.xcassets; sourceTree = "<group>"; };
		F58FE6821EE7396A009EF1DC /* Base */ = {isa = PBXFileReference; lastKnownFileType = file.storyboard; name = Base; path = Base.lproj/LaunchScreen.storyboard; sourceTree = "<group>"; };
		F58FE6841EE7396A009EF1DC /* Info.plist */ = {isa = PBXFileReference; lastKnownFileType = text.plist.xml; path = Info.plist; sourceTree = "<group>"; };
		F58FE6891EE7396B009EF1DC /* oneTapMovieTests.xctest */ = {isa = PBXFileReference; explicitFileType = wrapper.cfbundle; includeInIndex = 0; path = oneTapMovieTests.xctest; sourceTree = BUILT_PRODUCTS_DIR; };
		F58FE68D1EE7396B009EF1DC /* oneTapMovieTests.swift */ = {isa = PBXFileReference; lastKnownFileType = sourcecode.swift; path = oneTapMovieTests.swift; sourceTree = "<group>"; };
		F58FE68F1EE7396B009EF1DC /* Info.plist */ = {isa = PBXFileReference; lastKnownFileType = text.plist.xml; path = Info.plist; sourceTree = "<group>"; };
		F58FE6941EE7396B009EF1DC /* oneTapMovieUITests.xctest */ = {isa = PBXFileReference; explicitFileType = wrapper.cfbundle; includeInIndex = 0; path = oneTapMovieUITests.xctest; sourceTree = BUILT_PRODUCTS_DIR; };
		F58FE6981EE7396B009EF1DC /* oneTapMovieUITests.swift */ = {isa = PBXFileReference; lastKnownFileType = sourcecode.swift; path = oneTapMovieUITests.swift; sourceTree = "<group>"; };
		F58FE69A1EE7396B009EF1DC /* Info.plist */ = {isa = PBXFileReference; lastKnownFileType = text.plist.xml; path = Info.plist; sourceTree = "<group>"; };
		F58FE6A81EE74192009EF1DC /* AddBackground.swift */ = {isa = PBXFileReference; fileEncoding = 4; lastKnownFileType = sourcecode.swift; name = AddBackground.swift; path = ../AddBackground.swift; sourceTree = "<group>"; };
		F58FE6AA1EE74910009EF1DC /* SearchViewController.swift */ = {isa = PBXFileReference; fileEncoding = 4; lastKnownFileType = sourcecode.swift; path = SearchViewController.swift; sourceTree = "<group>"; };
/* End PBXFileReference section */

/* Begin PBXFrameworksBuildPhase section */
		F58FE6721EE7396A009EF1DC /* Frameworks */ = {
			isa = PBXFrameworksBuildPhase;
			buildActionMask = 2147483647;
			files = (
			);
			runOnlyForDeploymentPostprocessing = 0;
		};
		F58FE6861EE7396B009EF1DC /* Frameworks */ = {
			isa = PBXFrameworksBuildPhase;
			buildActionMask = 2147483647;
			files = (
			);
			runOnlyForDeploymentPostprocessing = 0;
		};
		F58FE6911EE7396B009EF1DC /* Frameworks */ = {
			isa = PBXFrameworksBuildPhase;
			buildActionMask = 2147483647;
			files = (
			);
			runOnlyForDeploymentPostprocessing = 0;
		};
/* End PBXFrameworksBuildPhase section */

/* Begin PBXGroup section */
		F58FE66C1EE7396A009EF1DC = {
			isa = PBXGroup;
			children = (
				F58FE6771EE7396A009EF1DC /* oneTapMovie */,
				F58FE68C1EE7396B009EF1DC /* oneTapMovieTests */,
				F58FE6971EE7396B009EF1DC /* oneTapMovieUITests */,
				F58FE6761EE7396A009EF1DC /* Products */,
			);
			sourceTree = "<group>";
		};
		F58FE6761EE7396A009EF1DC /* Products */ = {
			isa = PBXGroup;
			children = (
				F58FE6751EE7396A009EF1DC /* oneTapMovie.app */,
				F58FE6891EE7396B009EF1DC /* oneTapMovieTests.xctest */,
				F58FE6941EE7396B009EF1DC /* oneTapMovieUITests.xctest */,
			);
			name = Products;
			sourceTree = "<group>";
		};
		F58FE6771EE7396A009EF1DC /* oneTapMovie */ = {
			isa = PBXGroup;
			children = (
				F58FE6A81EE74192009EF1DC /* AddBackground.swift */,
				F58FE6781EE7396A009EF1DC /* AppDelegate.swift */,
				F58FE67C1EE7396A009EF1DC /* Main.storyboard */,
				F58FE6AA1EE74910009EF1DC /* SearchViewController.swift */,
				F58FE67F1EE7396A009EF1DC /* Assets.xcassets */,
				F58FE6811EE7396A009EF1DC /* LaunchScreen.storyboard */,
				F58FE6841EE7396A009EF1DC /* Info.plist */,
			);
			path = oneTapMovie;
			sourceTree = "<group>";
		};
		F58FE68C1EE7396B009EF1DC /* oneTapMovieTests */ = {
			isa = PBXGroup;
			children = (
				F58FE68D1EE7396B009EF1DC /* oneTapMovieTests.swift */,
				F58FE68F1EE7396B009EF1DC /* Info.plist */,
			);
			path = oneTapMovieTests;
			sourceTree = "<group>";
		};
		F58FE6971EE7396B009EF1DC /* oneTapMovieUITests */ = {
			isa = PBXGroup;
			children = (
				F58FE6981EE7396B009EF1DC /* oneTapMovieUITests.swift */,
				F58FE69A1EE7396B009EF1DC /* Info.plist */,
			);
			path = oneTapMovieUITests;
			sourceTree = "<group>";
		};
/* End PBXGroup section */

/* Begin PBXNativeTarget section */
		F58FE6741EE7396A009EF1DC /* oneTapMovie */ = {
			isa = PBXNativeTarget;
			buildConfigurationList = F58FE69D1EE7396B009EF1DC /* Build configuration list for PBXNativeTarget "oneTapMovie" */;
			buildPhases = (
				F58FE6711EE7396A009EF1DC /* Sources */,
				F58FE6721EE7396A009EF1DC /* Frameworks */,
				F58FE6731EE7396A009EF1DC /* Resources */,
			);
			buildRules = (
			);
			dependencies = (
			);
			name = oneTapMovie;
			productName = oneTapMovie;
			productReference = F58FE6751EE7396A009EF1DC /* oneTapMovie.app */;
			productType = "com.apple.product-type.application";
		};
		F58FE6881EE7396B009EF1DC /* oneTapMovieTests */ = {
			isa = PBXNativeTarget;
			buildConfigurationList = F58FE6A01EE7396B009EF1DC /* Build configuration list for PBXNativeTarget "oneTapMovieTests" */;
			buildPhases = (
				F58FE6851EE7396B009EF1DC /* Sources */,
				F58FE6861EE7396B009EF1DC /* Frameworks */,
				F58FE6871EE7396B009EF1DC /* Resources */,
			);
			buildRules = (
			);
			dependencies = (
				F58FE68B1EE7396B009EF1DC /* PBXTargetDependency */,
			);
			name = oneTapMovieTests;
			productName = oneTapMovieTests;
			productReference = F58FE6891EE7396B009EF1DC /* oneTapMovieTests.xctest */;
			productType = "com.apple.product-type.bundle.unit-test";
		};
		F58FE6931EE7396B009EF1DC /* oneTapMovieUITests */ = {
			isa = PBXNativeTarget;
			buildConfigurationList = F58FE6A31EE7396B009EF1DC /* Build configuration list for PBXNativeTarget "oneTapMovieUITests" */;
			buildPhases = (
				F58FE6901EE7396B009EF1DC /* Sources */,
				F58FE6911EE7396B009EF1DC /* Frameworks */,
				F58FE6921EE7396B009EF1DC /* Resources */,
			);
			buildRules = (
			);
			dependencies = (
				F58FE6961EE7396B009EF1DC /* PBXTargetDependency */,
			);
			name = oneTapMovieUITests;
			productName = oneTapMovieUITests;
			productReference = F58FE6941EE7396B009EF1DC /* oneTapMovieUITests.xctest */;
			productType = "com.apple.product-type.bundle.ui-testing";
		};
/* End PBXNativeTarget section */

/* Begin PBXProject section */
		F58FE66D1EE7396A009EF1DC /* Project object */ = {
			isa = PBXProject;
			attributes = {
				LastSwiftUpdateCheck = 0820;
				LastUpgradeCheck = 0820;
				ORGANIZATIONNAME = Fhict;
				TargetAttributes = {
					F58FE6741EE7396A009EF1DC = {
						CreatedOnToolsVersion = 8.2.1;
						ProvisioningStyle = Automatic;
					};
					F58FE6881EE7396B009EF1DC = {
						CreatedOnToolsVersion = 8.2.1;
						ProvisioningStyle = Automatic;
						TestTargetID = F58FE6741EE7396A009EF1DC;
					};
					F58FE6931EE7396B009EF1DC = {
						CreatedOnToolsVersion = 8.2.1;
						ProvisioningStyle = Automatic;
						TestTargetID = F58FE6741EE7396A009EF1DC;
					};
				};
			};
			buildConfigurationList = F58FE6701EE7396A009EF1DC /* Build configuration list for PBXProject "oneTapMovie" */;
			compatibilityVersion = "Xcode 3.2";
			developmentRegion = English;
			hasScannedForEncodings = 0;
			knownRegions = (
				en,
				Base,
			);
			mainGroup = F58FE66C1EE7396A009EF1DC;
			productRefGroup = F58FE6761EE7396A009EF1DC /* Products */;
			projectDirPath = "";
			projectRoot = "";
			targets = (
				F58FE6741EE7396A009EF1DC /* oneTapMovie */,
				F58FE6881EE7396B009EF1DC /* oneTapMovieTests */,
				F58FE6931EE7396B009EF1DC /* oneTapMovieUITests */,
			);
		};
/* End PBXProject section */

/* Begin PBXResourcesBuildPhase section */
		F58FE6731EE7396A009EF1DC /* Resources */ = {
			isa = PBXResourcesBuildPhase;
			buildActionMask = 2147483647;
			files = (
				F58FE6831EE7396A009EF1DC /* LaunchScreen.storyboard in Resources */,
				F58FE6801EE7396A009EF1DC /* Assets.xcassets in Resources */,
				F58FE67E1EE7396A009EF1DC /* Main.storyboard in Resources */,
			);
			runOnlyForDeploymentPostprocessing = 0;
		};
		F58FE6871EE7396B009EF1DC /* Resources */ = {
			isa = PBXResourcesBuildPhase;
			buildActionMask = 2147483647;
			files = (
			);
			runOnlyForDeploymentPostprocessing = 0;
		};
		F58FE6921EE7396B009EF1DC /* Resources */ = {
			isa = PBXResourcesBuildPhase;
			buildActionMask = 2147483647;
			files = (
			);
			runOnlyForDeploymentPostprocessing = 0;
		};
/* End PBXResourcesBuildPhase section */

/* Begin PBXSourcesBuildPhase section */
		F58FE6711EE7396A009EF1DC /* Sources */ = {
			isa = PBXSourcesBuildPhase;
			buildActionMask = 2147483647;
			files = (
				F58FE6AB1EE74910009EF1DC /* SearchViewController.swift in Sources */,
				F58FE6791EE7396A009EF1DC /* AppDelegate.swift in Sources */,
				F58FE6A91EE74192009EF1DC /* AddBackground.swift in Sources */,
			);
			runOnlyForDeploymentPostprocessing = 0;
		};
		F58FE6851EE7396B009EF1DC /* Sources */ = {
			isa = PBXSourcesBuildPhase;
			buildActionMask = 2147483647;
			files = (
				F58FE68E1EE7396B009EF1DC /* oneTapMovieTests.swift in Sources */,
			);
			runOnlyForDeploymentPostprocessing = 0;
		};
		F58FE6901EE7396B009EF1DC /* Sources */ = {
			isa = PBXSourcesBuildPhase;
			buildActionMask = 2147483647;
			files = (
				F58FE6991EE7396B009EF1DC /* oneTapMovieUITests.swift in Sources */,
			);
			runOnlyForDeploymentPostprocessing = 0;
		};
/* End PBXSourcesBuildPhase section */

/* Begin PBXTargetDependency section */
		F58FE68B1EE7396B009EF1DC /* PBXTargetDependency */ = {
			isa = PBXTargetDependency;
			target = F58FE6741EE7396A009EF1DC /* oneTapMovie */;
			targetProxy = F58FE68A1EE7396B009EF1DC /* PBXContainerItemProxy */;
		};
		F58FE6961EE7396B009EF1DC /* PBXTargetDependency */ = {
			isa = PBXTargetDependency;
			target = F58FE6741EE7396A009EF1DC /* oneTapMovie */;
			targetProxy = F58FE6951EE7396B009EF1DC /* PBXContainerItemProxy */;
		};
/* End PBXTargetDependency section */

/* Begin PBXVariantGroup section */
		F58FE67C1EE7396A009EF1DC /* Main.storyboard */ = {
			isa = PBXVariantGroup;
			children = (
				F58FE67D1EE7396A009EF1DC /* Base */,
			);
			name = Main.storyboard;
			sourceTree = "<group>";
		};
		F58FE6811EE7396A009EF1DC /* LaunchScreen.storyboard */ = {
			isa = PBXVariantGroup;
			children = (
				F58FE6821EE7396A009EF1DC /* Base */,
			);
			name = LaunchScreen.storyboard;
			sourceTree = "<group>";
		};
/* End PBXVariantGroup section */

/* Begin XCBuildConfiguration section */
		F58FE69B1EE7396B009EF1DC /* Debug */ = {
			isa = XCBuildConfiguration;
			buildSettings = {
				ALWAYS_SEARCH_USER_PATHS = NO;
				CLANG_ANALYZER_NONNULL = YES;
				CLANG_CXX_LANGUAGE_STANDARD = "gnu++0x";
				CLANG_CXX_LIBRARY = "libc++";
				CLANG_ENABLE_MODULES = YES;
				CLANG_ENABLE_OBJC_ARC = YES;
				CLANG_WARN_BOOL_CONVERSION = YES;
				CLANG_WARN_CONSTANT_CONVERSION = YES;
				CLANG_WARN_DIRECT_OBJC_ISA_USAGE = YES_ERROR;
				CLANG_WARN_DOCUMENTATION_COMMENTS = YES;
				CLANG_WARN_EMPTY_BODY = YES;
				CLANG_WARN_ENUM_CONVERSION = YES;
				CLANG_WARN_INFINITE_RECURSION = YES;
				CLANG_WARN_INT_CONVERSION = YES;
				CLANG_WARN_OBJC_ROOT_CLASS = YES_ERROR;
				CLANG_WARN_SUSPICIOUS_MOVE = YES;
				CLANG_WARN_UNREACHABLE_CODE = YES;
				CLANG_WARN__DUPLICATE_METHOD_MATCH = YES;
				"CODE_SIGN_IDENTITY[sdk=iphoneos*]" = "iPhone Developer";
				COPY_PHASE_STRIP = NO;
				DEBUG_INFORMATION_FORMAT = dwarf;
				ENABLE_STRICT_OBJC_MSGSEND = YES;
				ENABLE_TESTABILITY = YES;
				GCC_C_LANGUAGE_STANDARD = gnu99;
				GCC_DYNAMIC_NO_PIC = NO;
				GCC_NO_COMMON_BLOCKS = YES;
				GCC_OPTIMIZATION_LEVEL = 0;
				GCC_PREPROCESSOR_DEFINITIONS = (
					"DEBUG=1",
					"$(inherited)",
				);
				GCC_WARN_64_TO_32_BIT_CONVERSION = YES;
				GCC_WARN_ABOUT_RETURN_TYPE = YES_ERROR;
				GCC_WARN_UNDECLARED_SELECTOR = YES;
				GCC_WARN_UNINITIALIZED_AUTOS = YES_AGGRESSIVE;
				GCC_WARN_UNUSED_FUNCTION = YES;
				GCC_WARN_UNUSED_VARIABLE = YES;
				IPHONEOS_DEPLOYMENT_TARGET = 10.2;
				MTL_ENABLE_DEBUG_INFO = YES;
				ONLY_ACTIVE_ARCH = YES;
				SDKROOT = iphoneos;
				SWIFT_ACTIVE_COMPILATION_CONDITIONS = DEBUG;
				SWIFT_OPTIMIZATION_LEVEL = "-Onone";
				TARGETED_DEVICE_FAMILY = "1,2";
			};
			name = Debug;
		};
		F58FE69C1EE7396B009EF1DC /* Release */ = {
			isa = XCBuildConfiguration;
			buildSettings = {
				ALWAYS_SEARCH_USER_PATHS = NO;
				CLANG_ANALYZER_NONNULL = YES;
				CLANG_CXX_LANGUAGE_STANDARD = "gnu++0x";
				CLANG_CXX_LIBRARY = "libc++";
				CLANG_ENABLE_MODULES = YES;
				CLANG_ENABLE_OBJC_ARC = YES;
				CLANG_WARN_BOOL_CONVERSION = YES;
				CLANG_WARN_CONSTANT_CONVERSION = YES;
				CLANG_WARN_DIRECT_OBJC_ISA_USAGE = YES_ERROR;
				CLANG_WARN_DOCUMENTATION_COMMENTS = YES;
				CLANG_WARN_EMPTY_BODY = YES;
				CLANG_WARN_ENUM_CONVERSION = YES;
				CLANG_WARN_INFINITE_RECURSION = YES;
				CLANG_WARN_INT_CONVERSION = YES;
				CLANG_WARN_OBJC_ROOT_CLASS = YES_ERROR;
				CLANG_WARN_SUSPICIOUS_MOVE = YES;
				CLANG_WARN_UNREACHABLE_CODE = YES;
				CLANG_WARN__DUPLICATE_METHOD_MATCH = YES;
				"CODE_SIGN_IDENTITY[sdk=iphoneos*]" = "iPhone Developer";
				COPY_PHASE_STRIP = NO;
				DEBUG_INFORMATION_FORMAT = "dwarf-with-dsym";
				ENABLE_NS_ASSERTIONS = NO;
				ENABLE_STRICT_OBJC_MSGSEND = YES;
				GCC_C_LANGUAGE_STANDARD = gnu99;
				GCC_NO_COMMON_BLOCKS = YES;
				GCC_WARN_64_TO_32_BIT_CONVERSION = YES;
				GCC_WARN_ABOUT_RETURN_TYPE = YES_ERROR;
				GCC_WARN_UNDECLARED_SELECTOR = YES;
				GCC_WARN_UNINITIALIZED_AUTOS = YES_AGGRESSIVE;
				GCC_WARN_UNUSED_FUNCTION = YES;
				GCC_WARN_UNUSED_VARIABLE = YES;
				IPHONEOS_DEPLOYMENT_TARGET = 10.2;
				MTL_ENABLE_DEBUG_INFO = NO;
				SDKROOT = iphoneos;
				SWIFT_OPTIMIZATION_LEVEL = "-Owholemodule";
				TARGETED_DEVICE_FAMILY = "1,2";
				VALIDATE_PRODUCT = YES;
			};
			name = Release;
		};
		F58FE69E1EE7396B009EF1DC /* Debug */ = {
			isa = XCBuildConfiguration;
			buildSettings = {
				ASSETCATALOG_COMPILER_APPICON_NAME = AppIcon;
				INFOPLIST_FILE = oneTapMovie/Info.plist;
				LD_RUNPATH_SEARCH_PATHS = "$(inherited) @executable_path/Frameworks";
				PRODUCT_BUNDLE_IDENTIFIER = Fontys.oneTapMovie;
				PRODUCT_NAME = "$(TARGET_NAME)";
				SWIFT_VERSION = 3.0;
			};
			name = Debug;
		};
		F58FE69F1EE7396B009EF1DC /* Release */ = {
			isa = XCBuildConfiguration;
			buildSettings = {
				ASSETCATALOG_COMPILER_APPICON_NAME = AppIcon;
				INFOPLIST_FILE = oneTapMovie/Info.plist;
				LD_RUNPATH_SEARCH_PATHS = "$(inherited) @executable_path/Frameworks";
				PRODUCT_BUNDLE_IDENTIFIER = Fontys.oneTapMovie;
				PRODUCT_NAME = "$(TARGET_NAME)";
				SWIFT_VERSION = 3.0;
			};
			name = Release;
		};
		F58FE6A11EE7396B009EF1DC /* Debug */ = {
			isa = XCBuildConfiguration;
			buildSettings = {
				ALWAYS_EMBED_SWIFT_STANDARD_LIBRARIES = YES;
				BUNDLE_LOADER = "$(TEST_HOST)";
				INFOPLIST_FILE = oneTapMovieTests/Info.plist;
				LD_RUNPATH_SEARCH_PATHS = "$(inherited) @executable_path/Frameworks @loader_path/Frameworks";
				PRODUCT_BUNDLE_IDENTIFIER = Fontys.oneTapMovieTests;
				PRODUCT_NAME = "$(TARGET_NAME)";
				SWIFT_VERSION = 3.0;
				TEST_HOST = "$(BUILT_PRODUCTS_DIR)/oneTapMovie.app/oneTapMovie";
			};
			name = Debug;
		};
		F58FE6A21EE7396B009EF1DC /* Release */ = {
			isa = XCBuildConfiguration;
			buildSettings = {
				ALWAYS_EMBED_SWIFT_STANDARD_LIBRARIES = YES;
				BUNDLE_LOADER = "$(TEST_HOST)";
				INFOPLIST_FILE = oneTapMovieTests/Info.plist;
				LD_RUNPATH_SEARCH_PATHS = "$(inherited) @executable_path/Frameworks @loader_path/Frameworks";
				PRODUCT_BUNDLE_IDENTIFIER = Fontys.oneTapMovieTests;
				PRODUCT_NAME = "$(TARGET_NAME)";
				SWIFT_VERSION = 3.0;
				TEST_HOST = "$(BUILT_PRODUCTS_DIR)/oneTapMovie.app/oneTapMovie";
			};
			name = Release;
		};
		F58FE6A41EE7396B009EF1DC /* Debug */ = {
			isa = XCBuildConfiguration;
			buildSettings = {
				ALWAYS_EMBED_SWIFT_STANDARD_LIBRARIES = YES;
				INFOPLIST_FILE = oneTapMovieUITests/Info.plist;
				LD_RUNPATH_SEARCH_PATHS = "$(inherited) @executable_path/Frameworks @loader_path/Frameworks";
				PRODUCT_BUNDLE_IDENTIFIER = Fontys.oneTapMovieUITests;
				PRODUCT_NAME = "$(TARGET_NAME)";
				SWIFT_VERSION = 3.0;
				TEST_TARGET_NAME = oneTapMovie;
			};
			name = Debug;
		};
		F58FE6A51EE7396B009EF1DC /* Release */ = {
			isa = XCBuildConfiguration;
			buildSettings = {
				ALWAYS_EMBED_SWIFT_STANDARD_LIBRARIES = YES;
				INFOPLIST_FILE = oneTapMovieUITests/Info.plist;
				LD_RUNPATH_SEARCH_PATHS = "$(inherited) @executable_path/Frameworks @loader_path/Frameworks";
				PRODUCT_BUNDLE_IDENTIFIER = Fontys.oneTapMovieUITests;
				PRODUCT_NAME = "$(TARGET_NAME)";
				SWIFT_VERSION = 3.0;
				TEST_TARGET_NAME = oneTapMovie;
			};
			name = Release;
		};
/* End XCBuildConfiguration section */

/* Begin XCConfigurationList section */
		F58FE6701EE7396A009EF1DC /* Build configuration list for PBXProject "oneTapMovie" */ = {
			isa = XCConfigurationList;
			buildConfigurations = (
				F58FE69B1EE7396B009EF1DC /* Debug */,
				F58FE69C1EE7396B009EF1DC /* Release */,
			);
			defaultConfigurationIsVisible = 0;
			defaultConfigurationName = Release;
		};
		F58FE69D1EE7396B009EF1DC /* Build configuration list for PBXNativeTarget "oneTapMovie" */ = {
			isa = XCConfigurationList;
			buildConfigurations = (
				F58FE69E1EE7396B009EF1DC /* Debug */,
				F58FE69F1EE7396B009EF1DC /* Release */,
			);
			defaultConfigurationIsVisible = 0;
		};
		F58FE6A01EE7396B009EF1DC /* Build configuration list for PBXNativeTarget "oneTapMovieTests" */ = {
			isa = XCConfigurationList;
			buildConfigurations = (
				F58FE6A11EE7396B009EF1DC /* Debug */,
				F58FE6A21EE7396B009EF1DC /* Release */,
			);
			defaultConfigurationIsVisible = 0;
		};
		F58FE6A31EE7396B009EF1DC /* Build configuration list for PBXNativeTarget "oneTapMovieUITests" */ = {
			isa = XCConfigurationList;
			buildConfigurations = (
				F58FE6A41EE7396B009EF1DC /* Debug */,
				F58FE6A51EE7396B009EF1DC /* Release */,
			);
			defaultConfigurationIsVisible = 0;
		};
/* End XCConfigurationList section */
	};
	rootObject = F58FE66D1EE7396A009EF1DC /* Project object */;
}
